
Microsoft Visual Studio Solution File, Format Version 12.00
# Visual Studio Version 16
VisualStudioVersion = 16.0.31727.386
MinimumVisualStudioVersion = 10.0.40219.1
Project("{FAE04EC0-301F-11D3-BF4B-00C04F79EFBC}") = "App_ConsultaCep.UWP", "App_ConsultaCep.UWP\App_ConsultaCep.UWP.csproj", "{A5E676D8-F428-40BE-84E7-F57ADC517D57}"
EndProject
Project("{FAE04EC0-301F-11D3-BF4B-00C04F79EFBC}") = "App_ConsultaCep.Android", "App_ConsultaCep.Android\App_ConsultaCep.Android.csproj", "{7EB81D7D-CD2A-49BA-8F1B-A0717F9521F3}"
EndProject
Project("{FAE04EC0-301F-11D3-BF4B-00C04F79EFBC}") = "App_ConsultaCep.iOS", "App_ConsultaCep.iOS\App_ConsultaCep.iOS.csproj", "{7363AD7F-26CE-4D3F-93AD-B679F5E992CA}"
EndProject
Project("{9A19103F-16F7-4668-BE54-9A1E7A4F7556}") = "App_ConsultaCep", "App_ConsultaCep\App_ConsultaCep.csproj", "{DCDE0B15-00E1-4483-8860-9F04C2E05625}"
EndProject
Global
	GlobalSection(SolutionConfigurationPlatforms) = preSolution
		Debug|Any CPU = Debug|Any CPU
		Debug|ARM = Debug|ARM
		Debug|iPhone = Debug|iPhone
		Debug|iPhoneSimulator = Debug|iPhoneSimulator
		Debug|x64 = Debug|x64
		Debug|x86 = Debug|x86
		Release|Any CPU = Release|Any CPU
		Release|ARM = Release|ARM
		Release|iPhone = Release|iPhone
		Release|iPhoneSimulator = Release|iPhoneSimulator
		Release|x64 = Release|x64
		Release|x86 = Release|x86
	EndGlobalSection
	GlobalSection(ProjectConfigurationPlatforms) = postSolution
		{A5E676D8-F428-40BE-84E7-F57ADC517D57}.Debug|Any CPU.ActiveCfg = Debug|x86
		{A5E676D8-F428-40BE-84E7-F57ADC517D57}.Debug|Any CPU.Build.0 = Debug|x86
		{A5E676D8-F428-40BE-84E7-F57ADC517D57}.Debug|Any CPU.Deploy.0 = Debug|x86
		{A5E676D8-F428-40BE-84E7-F57ADC517D57}.Debug|ARM.ActiveCfg = Debug|ARM
		{A5E676D8-F428-40BE-84E7-F57ADC517D57}.Debug|ARM.Build.0 = Debug|ARM
		{A5E676D8-F428-40BE-84E7-F57ADC517D57}.Debug|ARM.Deploy.0 = Debug|ARM
		{A5E676D8-F428-40BE-84E7-F57ADC517D57}.Debug|iPhone.ActiveCfg = Debug|x86
		{A5E676D8-F428-40BE-84E7-F57ADC517D57}.Debug|iPhone.Build.0 = Debug|x86
		{A5E676D8-F428-40BE-84E7-F57ADC517D57}.Debug|iPhone.Deploy.0 = Debug|x86
		{A5E676D8-F428-40BE-84E7-F57ADC517D57}.Debug|iPhoneSimulator.ActiveCfg = Debug|x86
		{A5E676D8-F428-40BE-84E7-F57ADC517D57}.Debug|iPhoneSimulator.Build.0 = Debug|x86
		{A5E676D8-F428-40BE-84E7-F57ADC517D57}.Debug|iPhoneSimulator.Deploy.0 = Debug|x86
		{A5E676D8-F428-40BE-84E7-F57ADC517D57}.Debug|x64.ActiveCfg = Debug|x64
		{A5E676D8-F428-40BE-84E7-F57ADC517D57}.Debug|x64.Build.0 = Debug|x64
		{A5E676D8-F428-40BE-84E7-F57ADC517D57}.Debug|x64.Deploy.0 = Debug|x64
		{A5E676D8-F428-40BE-84E7-F57ADC517D57}.Debug|x86.ActiveCfg = Debug|x86
		{A5E676D8-F428-40BE-84E7-F57ADC517D57}.Debug|x86.Build.0 = Debug|x86
		{A5E676D8-F428-40BE-84E7-F57ADC517D57}.Debug|x86.Deploy.0 = Debug|x86
		{A5E676D8-F428-40BE-84E7-F57ADC517D57}.Release|Any CPU.ActiveCfg = Release|x86
		{A5E676D8-F428-40BE-84E7-F57ADC517D57}.Release|Any CPU.Build.0 = Release|x86
		{A5E676D8-F428-40BE-84E7-F57ADC517D57}.Release|Any CPU.Deploy.0 = Release|x86
		{A5E676D8-F428-40BE-84E7-F57ADC517D57}.Release|ARM.ActiveCfg = Release|ARM
		{A5E676D8-F428-40BE-84E7-F57ADC517D57}.Release|ARM.Build.0 = Release|ARM
		{A5E676D8-F428-40BE-84E7-F57ADC517D57}.Release|ARM.Deploy.0 = Release|ARM
		{A5E676D8-F428-40BE-84E7-F57ADC517D57}.Release|iPhone.ActiveCfg = Release|x86
		{A5E676D8-F428-40BE-84E7-F57ADC517D57}.Release|iPhone.Build.0 = Release|x86
		{A5E676D8-F428-40BE-84E7-F57ADC517D57}.Release|iPhone.Deploy.0 = Release|x86
		{A5E676D8-F428-40BE-84E7-F57ADC517D57}.Release|iPhoneSimulator.ActiveCfg = Release|x86
		{A5E676D8-F428-40BE-84E7-F57ADC517D57}.Release|iPhoneSimulator.Build.0 = Release|x86
		{A5E676D8-F428-40BE-84E7-F57ADC517D57}.Release|iPhoneSimulator.Deploy.0 = Release|x86
		{A5E676D8-F428-40BE-84E7-F57ADC517D57}.Release|x64.ActiveCfg = Release|x64
		{A5E676D8-F428-40BE-84E7-F57ADC517D57}.Release|x64.Build.0 = Release|x64
		{A5E676D8-F428-40BE-84E7-F57ADC517D57}.Release|x64.Deploy.0 = Release|x64
		{A5E676D8-F428-40BE-84E7-F57ADC517D57}.Release|x86.ActiveCfg = Release|x86
		{A5E676D8-F428-40BE-84E7-F57ADC517D57}.Release|x86.Build.0 = Release|x86
		{A5E676D8-F428-40BE-84E7-F57ADC517D57}.Release|x86.Deploy.0 = Release|x86
		{7EB81D7D-CD2A-49BA-8F1B-A0717F9521F3}.Debug|Any CPU.ActiveCfg = Debug|Any CPU
		{7EB81D7D-CD2A-49BA-8F1B-A0717F9521F3}.Debug|Any CPU.Build.0 = Debug|Any CPU
		{7EB81D7D-CD2A-49BA-8F1B-A0717F9521F3}.Debug|Any CPU.Deploy.0 = Debug|Any CPU
		{7EB81D7D-CD2A-49BA-8F1B-A0717F9521F3}.Debug|ARM.ActiveCfg = Debug|Any CPU
		{7EB81D7D-CD2A-49BA-8F1B-A0717F9521F3}.Debug|ARM.Build.0 = Debug|Any CPU
		{7EB81D7D-CD2A-49BA-8F1B-A0717F9521F3}.Debug|ARM.Deploy.0 = Debug|Any CPU
		{7EB81D7D-CD2A-49BA-8F1B-A0717F9521F3}.Debug|iPhone.ActiveCfg = Debug|Any CPU
		{7EB81D7D-CD2A-49BA-8F1B-A0717F9521F3}.Debug|iPhone.Build.0 = Debug|Any CPU
		{7EB81D7D-CD2A-49BA-8F1B-A0717F9521F3}.Debug|iPhone.Deploy.0 = Debug|Any CPU
		{7EB81D7D-CD2A-49BA-8F1B-A0717F9521F3}.Debug|iPhoneSimulator.ActiveCfg = Debug|Any CPU
		{7EB81D7D-CD2A-49BA-8F1B-A0717F9521F3}.Debug|iPhoneSimulator.Build.0 = Debug|Any CPU
		{7EB81D7D-CD2A-49BA-8F1B-A0717F9521F3}.Debug|iPhoneSimulator.Deploy.0 = Debug|Any CPU
		{7EB81D7D-CD2A-49BA-8F1B-A0717F9521F3}.Debug|x64.ActiveCfg = Debug|Any CPU
		{7EB81D7D-CD2A-49BA-8F1B-A0717F9521F3}.Debug|x64.Build.0 = Debug|Any CPU
		{7EB81D7D-CD2A-49BA-8F1B-A0717F9521F3}.Debug|x64.Deploy.0 = Debug|Any CPU
		{7EB81D7D-CD2A-49BA-8F1B-A0717F9521F3}.Debug|x86.ActiveCfg = Debug|Any CPU
		{7EB81D7D-CD2A-49BA-8F1B-A0717F9521F3}.Debug|x86.Build.0 = Debug|Any CPU
		{7EB81D7D-CD2A-49BA-8F1B-A0717F9521F3}.Debug|x86.Deploy.0 = Debug|Any CPU
		{7EB81D7D-CD2A-49BA-8F1B-A0717F9521F3}.Release|Any CPU.ActiveCfg = Release|Any CPU
		{7EB81D7D-CD2A-49BA-8F1B-A0717F9521F3}.Release|Any CPU.Build.0 = Release|Any CPU
		{7EB81D7D-CD2A-49BA-8F1B-A0717F9521F3}.Release|Any CPU.Deploy.0 = Release|Any CPU
		{7EB81D7D-CD2A-49BA-8F1B-A0717F9521F3}.Release|ARM.ActiveCfg = Release|Any CPU
		{7EB81D7D-CD2A-49BA-8F1B-A0717F9521F3}.Release|ARM.Build.0 = Release|Any CPU
		{7EB81D7D-CD2A-49BA-8F1B-A0717F9521F3}.Release|ARM.Deploy.0 = Release|Any CPU
		{7EB81D7D-CD2A-49BA-8F1B-A0717F9521F3}.Release|iPhone.ActiveCfg = Release|Any CPU
		{7EB81D7D-CD2A-49BA-8F1B-A0717F9521F3}.Release|iPhone.Build.0 = Release|Any CPU
		{7EB81D7D-CD2A-49BA-8F1B-A0717F9521F3}.Release|iPhone.Deploy.0 = Release|Any CPU
		{7EB81D7D-CD2A-49BA-8F1B-A0717F9521F3}.Release|iPhoneSimulator.ActiveCfg = Release|Any CPU
		{7EB81D7D-CD2A-49BA-8F1B-A0717F9521F3}.Release|iPhoneSimulator.Build.0 = Release|Any CPU
		{7EB81D7D-CD2A-49BA-8F1B-A0717F9521F3}.Release|iPhoneSimulator.Deploy.0 = Release|Any CPU
		{7EB81D7D-CD2A-49BA-8F1B-A0717F9521F3}.Release|x64.ActiveCfg = Release|Any CPU
		{7EB81D7D-CD2A-49BA-8F1B-A0717F9521F3}.Release|x64.Build.0 = Release|Any CPU
		{7EB81D7D-CD2A-49BA-8F1B-A0717F9521F3}.Release|x64.Deploy.0 = Release|Any CPU
		{7EB81D7D-CD2A-49BA-8F1B-A0717F9521F3}.Release|x86.ActiveCfg = Release|Any CPU
		{7EB81D7D-CD2A-49BA-8F1B-A0717F9521F3}.Release|x86.Build.0 = Release|Any CPU
		{7EB81D7D-CD2A-49BA-8F1B-A0717F9521F3}.Release|x86.Deploy.0 = Release|Any CPU
		{7363AD7F-26CE-4D3F-93AD-B679F5E992CA}.Debug|Any CPU.ActiveCfg = Debug|iPhoneSimulator
		{7363AD7F-26CE-4D3F-93AD-B679F5E992CA}.Debug|Any CPU.Build.0 = Debug|iPhoneSimulator
		{7363AD7F-26CE-4D3F-93AD-B679F5E992CA}.Debug|Any CPU.Deploy.0 = Debug|iPhoneSimulator
		{7363AD7F-26CE-4D3F-93AD-B679F5E992CA}.Debug|ARM.ActiveCfg = Debug|iPhone
		{7363AD7F-26CE-4D3F-93AD-B679F5E992CA}.Debug|ARM.Build.0 = Debug|iPhone
		{7363AD7F-26CE-4D3F-93AD-B679F5E992CA}.Debug|ARM.Deploy.0 = Debug|iPhone
		{7363AD7F-26CE-4D3F-93AD-B679F5E992CA}.Debug|iPhone.ActiveCfg = Debug|iPhone
		{7363AD7F-26CE-4D3F-93AD-B679F5E992CA}.Debug|iPhone.Build.0 = Debug|iPhone
		{7363AD7F-26CE-4D3F-93AD-B679F5E992CA}.Debug|iPhone.Deploy.0 = Debug|iPhone
		{7363AD7F-26CE-4D3F-93AD-B679F5E992CA}.Debug|iPhoneSimulator.ActiveCfg = Debug|iPhoneSimulator
		{7363AD7F-26CE-4D3F-93AD-B679F5E992CA}.Debug|iPhoneSimulator.Build.0 = Debug|iPhoneSimulator
		{7363AD7F-26CE-4D3F-93AD-B679F5E992CA}.Debug|iPhoneSimulator.Deploy.0 = Debug|iPhoneSimulator
		{7363AD7F-26CE-4D3F-93AD-B679F5E992CA}.Debug|x64.ActiveCfg = Debug|iPhoneSimulator
		{7363AD7F-26CE-4D3F-93AD-B679F5E992CA}.Debug|x64.Build.0 = Debug|iPhoneSimulator
		{7363AD7F-26CE-4D3F-93AD-B679F5E992CA}.Debug|x64.Deploy.0 = Debug|iPhoneSimulator
		{7363AD7F-26CE-4D3F-93AD-B679F5E992CA}.Debug|x86.ActiveCfg = Debug|iPhoneSimulator
		{7363AD7F-26CE-4D3F-93AD-B679F5E992CA}.Debug|x86.Build.0 = Debug|iPhoneSimulator
		{7363AD7F-26CE-4D3F-93AD-B679F5E992CA}.Debug|x86.Deploy.0 = Debug|iPhoneSimulator
		{7363AD7F-26CE-4D3F-93AD-B679F5E992CA}.Release|Any CPU.ActiveCfg = Release|iPhoneSimulator
		{7363AD7F-26CE-4D3F-93AD-B679F5E992CA}.Release|Any CPU.Build.0 = Release|iPhoneSimulator
		{7363AD7F-26CE-4D3F-93AD-B679F5E992CA}.Release|Any CPU.Deploy.0 = Release|iPhoneSimulator
		{7363AD7F-26CE-4D3F-93AD-B679F5E992CA}.Release|ARM.ActiveCfg = Release|iPhoneSimulator
		{7363AD7F-26CE-4D3F-93AD-B679F5E992CA}.Release|ARM.Build.0 = Release|iPhoneSimulator
		{7363AD7F-26CE-4D3F-93AD-B679F5E992CA}.Release|ARM.Deploy.0 = Release|iPhoneSimulator
		{7363AD7F-26CE-4D3F-93AD-B679F5E992CA}.Release|iPhone.ActiveCfg = Release|iPhone
		{7363AD7F-26CE-4D3F-93AD-B679F5E992CA}.Release|iPhone.Build.0 = Release|iPhone
		{7363AD7F-26CE-4D3F-93AD-B679F5E992CA}.Release|iPhone.Deploy.0 = Release|iPhone
		{7363AD7F-26CE-4D3F-93AD-B679F5E992CA}.Release|iPhoneSimulator.ActiveCfg = Release|iPhoneSimulator
		{7363AD7F-26CE-4D3F-93AD-B679F5E992CA}.Release|iPhoneSimulator.Build.0 = Release|iPhoneSimulator
		{7363AD7F-26CE-4D3F-93AD-B679F5E992CA}.Release|iPhoneSimulator.Deploy.0 = Release|iPhoneSimulator
		{7363AD7F-26CE-4D3F-93AD-B679F5E992CA}.Release|x64.ActiveCfg = Release|iPhoneSimulator
		{7363AD7F-26CE-4D3F-93AD-B679F5E992CA}.Release|x64.Build.0 = Release|iPhoneSimulator
		{7363AD7F-26CE-4D3F-93AD-B679F5E992CA}.Release|x64.Deploy.0 = Release|iPhoneSimulator
		{7363AD7F-26CE-4D3F-93AD-B679F5E992CA}.Release|x86.ActiveCfg = Release|iPhoneSimulator
		{7363AD7F-26CE-4D3F-93AD-B679F5E992CA}.Release|x86.Build.0 = Release|iPhoneSimulator
		{7363AD7F-26CE-4D3F-93AD-B679F5E992CA}.Release|x86.Deploy.0 = Release|iPhoneSimulator
		{DCDE0B15-00E1-4483-8860-9F04C2E05625}.Debug|Any CPU.ActiveCfg = Debug|Any CPU
		{DCDE0B15-00E1-4483-8860-9F04C2E05625}.Debug|Any CPU.Build.0 = Debug|Any CPU
		{DCDE0B15-00E1-4483-8860-9F04C2E05625}.Debug|Any CPU.Deploy.0 = Debug|Any CPU
		{DCDE0B15-00E1-4483-8860-9F04C2E05625}.Debug|ARM.ActiveCfg = Debug|Any CPU
		{DCDE0B15-00E1-4483-8860-9F04C2E05625}.Debug|ARM.Build.0 = Debug|Any CPU
		{DCDE0B15-00E1-4483-8860-9F04C2E05625}.Debug|ARM.Deploy.0 = Debug|Any CPU
		{DCDE0B15-00E1-4483-8860-9F04C2E05625}.Debug|iPhone.ActiveCfg = Debug|Any CPU
		{DCDE0B15-00E1-4483-8860-9F04C2E05625}.Debug|iPhone.Build.0 = Debug|Any CPU
		{DCDE0B15-00E1-4483-8860-9F04C2E05625}.Debug|iPhone.Deploy.0 = Debug|Any CPU
		{DCDE0B15-00E1-4483-8860-9F04C2E05625}.Debug|iPhoneSimulator.ActiveCfg = Debug|Any CPU
		{DCDE0B15-00E1-4483-8860-9F04C2E05625}.Debug|iPhoneSimulator.Build.0 = Debug|Any CPU
		{DCDE0B15-00E1-4483-8860-9F04C2E05625}.Debug|iPhoneSimulator.Deploy.0 = Debug|Any CPU
		{DCDE0B15-00E1-4483-8860-9F04C2E05625}.Debug|x64.ActiveCfg = Debug|Any CPU
		{DCDE0B15-00E1-4483-8860-9F04C2E05625}.Debug|x64.Build.0 = Debug|Any CPU
		{DCDE0B15-00E1-4483-8860-9F04C2E05625}.Debug|x64.Deploy.0 = Debug|Any CPU
		{DCDE0B15-00E1-4483-8860-9F04C2E05625}.Debug|x86.ActiveCfg = Debug|Any CPU
		{DCDE0B15-00E1-4483-8860-9F04C2E05625}.Debug|x86.Build.0 = Debug|Any CPU
		{DCDE0B15-00E1-4483-8860-9F04C2E05625}.Debug|x86.Deploy.0 = Debug|Any CPU
		{DCDE0B15-00E1-4483-8860-9F04C2E05625}.Release|Any CPU.ActiveCfg = Release|Any CPU
		{DCDE0B15-00E1-4483-8860-9F04C2E05625}.Release|Any CPU.Build.0 = Release|Any CPU
		{DCDE0B15-00E1-4483-8860-9F04C2E05625}.Release|Any CPU.Deploy.0 = Release|Any CPU
		{DCDE0B15-00E1-4483-8860-9F04C2E05625}.Release|ARM.ActiveCfg = Release|Any CPU
		{DCDE0B15-00E1-4483-8860-9F04C2E05625}.Release|ARM.Build.0 = Release|Any CPU
		{DCDE0B15-00E1-4483-8860-9F04C2E05625}.Release|ARM.Deploy.0 = Release|Any CPU
		{DCDE0B15-00E1-4483-8860-9F04C2E05625}.Release|iPhone.ActiveCfg = Release|Any CPU
		{DCDE0B15-00E1-4483-8860-9F04C2E05625}.Release|iPhone.Build.0 = Release|Any CPU
		{DCDE0B15-00E1-4483-8860-9F04C2E05625}.Release|iPhone.Deploy.0 = Release|Any CPU
		{DCDE0B15-00E1-4483-8860-9F04C2E05625}.Release|iPhoneSimulator.ActiveCfg = Release|Any CPU
		{DCDE0B15-00E1-4483-8860-9F04C2E05625}.Release|iPhoneSimulator.Build.0 = Release|Any CPU
		{DCDE0B15-00E1-4483-8860-9F04C2E05625}.Release|iPhoneSimulator.Deploy.0 = Release|Any CPU
		{DCDE0B15-00E1-4483-8860-9F04C2E05625}.Release|x64.ActiveCfg = Release|Any CPU
		{DCDE0B15-00E1-4483-8860-9F04C2E05625}.Release|x64.Build.0 = Release|Any CPU
		{DCDE0B15-00E1-4483-8860-9F04C2E05625}.Release|x64.Deploy.0 = Release|Any CPU
		{DCDE0B15-00E1-4483-8860-9F04C2E05625}.Release|x86.ActiveCfg = Release|Any CPU
		{DCDE0B15-00E1-4483-8860-9F04C2E05625}.Release|x86.Build.0 = Release|Any CPU
		{DCDE0B15-00E1-4483-8860-9F04C2E05625}.Release|x86.Deploy.0 = Release|Any CPU
	EndGlobalSection
	GlobalSection(SolutionProperties) = preSolution
		HideSolutionNode = FALSE
	EndGlobalSection
	GlobalSection(ExtensibilityGlobals) = postSolution
		SolutionGuid = {1AD596B7-A144-4135-9DAE-FC2C24635596}
	EndGlobalSection
EndGlobal
